// !$*UTF8*$!
{
	archiveVersion = 1;
	classes = {
	};
	objectVersion = 46;
	objects = {

/* Begin PBXBuildFile section */
		1308D9E81512CE3600CBCC79 /* CoreGraphics.framework in Frameworks */ = {isa = PBXBuildFile; fileRef = 133DF0AC1470F273005330C7 /* CoreGraphics.framework */; };
		1308D9F51516ACF600CBCC79 /* UIImage+RHComparingAdditions.m in Sources */ = {isa = PBXBuildFile; fileRef = 1308D9F41516ACF600CBCC79 /* UIImage+RHComparingAdditions.m */; };
		1308D9F81516AD6800CBCC79 /* UIImage+RHPixelAdditions.m in Sources */ = {isa = PBXBuildFile; fileRef = 1308D9F71516AD6800CBCC79 /* UIImage+RHPixelAdditions.m */; };
		1308D9F91516BE8800CBCC79 /* UIImage+RHResizingAdditions.m in Sources */ = {isa = PBXBuildFile; fileRef = 1308D9EF1516A94D00CBCC79 /* UIImage+RHResizingAdditions.m */; };
		130E2B7514EDE6830024BB17 /* RHAddressBookThreadMain.h in Headers */ = {isa = PBXBuildFile; fileRef = 130E2B7314EDE6820024BB17 /* RHAddressBookThreadMain.h */; settings = {ATTRIBUTES = (Private, ); }; };
		130E2B7614EDE6830024BB17 /* RHAddressBookThreadMain.m in Sources */ = {isa = PBXBuildFile; fileRef = 130E2B7414EDE6820024BB17 /* RHAddressBookThreadMain.m */; };
		130E2B7814EDFF250024BB17 /* libRHAddressBook.a in Frameworks */ = {isa = PBXBuildFile; fileRef = 13C9D500146C5A8600327D15 /* libRHAddressBook.a */; };
		130E2B7914EDFF380024BB17 /* AddressBook.framework in Frameworks */ = {isa = PBXBuildFile; fileRef = 13C9D514146C5F4600327D15 /* AddressBook.framework */; };
		130E2B7A14EDFF4F0024BB17 /* CoreLocation.framework in Frameworks */ = {isa = PBXBuildFile; fileRef = 13C9D516146C5F5200327D15 /* CoreLocation.framework */; };
		130F5E1B18D45E350028B4FD /* XCTest.framework in Frameworks */ = {isa = PBXBuildFile; fileRef = 130F5E1A18D45E350028B4FD /* XCTest.framework */; };
		1327948916056A5C00349DC5 /* Default-568h@2x.png in Resources */ = {isa = PBXBuildFile; fileRef = 1327948816056A5C00349DC5 /* Default-568h@2x.png */; };
		132DF84914F32AB000513B38 /* RHAddressBook_Private.h in Headers */ = {isa = PBXBuildFile; fileRef = 132DF84814F32AB000513B38 /* RHAddressBook_Private.h */; settings = {ATTRIBUTES = (Private, ); }; };
		132DF84C14F34E3200513B38 /* RHRecord_Private.h in Headers */ = {isa = PBXBuildFile; fileRef = 132DF84B14F34E3100513B38 /* RHRecord_Private.h */; settings = {ATTRIBUTES = (Private, ); }; };
		133DF0961470EE36005330C7 /* Foundation.framework in Frameworks */ = {isa = PBXBuildFile; fileRef = 13C9D503146C5A8600327D15 /* Foundation.framework */; };
		133DF09C1470EE36005330C7 /* InfoPlist.strings in Resources */ = {isa = PBXBuildFile; fileRef = 133DF09A1470EE36005330C7 /* InfoPlist.strings */; };
		133DF09F1470EE36005330C7 /* RHAddressBookLogicTests.m in Sources */ = {isa = PBXBuildFile; fileRef = 133DF09E1470EE36005330C7 /* RHAddressBookLogicTests.m */; };
		133DF0AB1470F273005330C7 /* Foundation.framework in Frameworks */ = {isa = PBXBuildFile; fileRef = 13C9D503146C5A8600327D15 /* Foundation.framework */; };
		133DF0AD1470F273005330C7 /* CoreGraphics.framework in Frameworks */ = {isa = PBXBuildFile; fileRef = 133DF0AC1470F273005330C7 /* CoreGraphics.framework */; };
		133DF0B31470F273005330C7 /* InfoPlist.strings in Resources */ = {isa = PBXBuildFile; fileRef = 133DF0B11470F273005330C7 /* InfoPlist.strings */; };
		133DF0B51470F273005330C7 /* main.m in Sources */ = {isa = PBXBuildFile; fileRef = 133DF0B41470F273005330C7 /* main.m */; };
		133DF0B91470F273005330C7 /* RHAppDelegate.m in Sources */ = {isa = PBXBuildFile; fileRef = 133DF0B81470F273005330C7 /* RHAppDelegate.m */; };
		133DF0C91470FE42005330C7 /* libRHAddressBook.a in Frameworks */ = {isa = PBXBuildFile; fileRef = 13C9D500146C5A8600327D15 /* libRHAddressBook.a */; };
		133DF0CA1470FE46005330C7 /* AddressBook.framework in Frameworks */ = {isa = PBXBuildFile; fileRef = 13C9D514146C5F4600327D15 /* AddressBook.framework */; };
		133DF0CB1470FE51005330C7 /* CoreLocation.framework in Frameworks */ = {isa = PBXBuildFile; fileRef = 13C9D516146C5F5200327D15 /* CoreLocation.framework */; };
		133DF0CE1471047A005330C7 /* RHGroup.h in Headers */ = {isa = PBXBuildFile; fileRef = 133DF0CC1471047A005330C7 /* RHGroup.h */; settings = {ATTRIBUTES = (Public, ); }; };
		133DF0CF1471047A005330C7 /* RHGroup.m in Sources */ = {isa = PBXBuildFile; fileRef = 133DF0CD1471047A005330C7 /* RHGroup.m */; };
		133DF0D2147104AA005330C7 /* RHPerson.h in Headers */ = {isa = PBXBuildFile; fileRef = 133DF0D0147104AA005330C7 /* RHPerson.h */; settings = {ATTRIBUTES = (Public, ); }; };
		133DF0D3147104AA005330C7 /* RHPerson.m in Sources */ = {isa = PBXBuildFile; fileRef = 133DF0D1147104AA005330C7 /* RHPerson.m */; };
		134338D51638920100150FE5 /* RHAddressBook.h in Headers */ = {isa = PBXBuildFile; fileRef = 13C9D508146C5A8600327D15 /* RHAddressBook.h */; settings = {ATTRIBUTES = (Public, ); }; };
		1371E4BB151B1B5400C0DF49 /* RHPersonLabels.h in Headers */ = {isa = PBXBuildFile; fileRef = 1371E4B9151B117200C0DF49 /* RHPersonLabels.h */; settings = {ATTRIBUTES = (Public, ); }; };
		137A74671470E02300DDC1D7 /* AddressBook.h in Headers */ = {isa = PBXBuildFile; fileRef = 137A74661470E02300DDC1D7 /* AddressBook.h */; settings = {ATTRIBUTES = (Public, ); }; };
		1386B9381505C33C007484E0 /* unit_test_person_image_1.jpg in Resources */ = {isa = PBXBuildFile; fileRef = 1386B9371505C33C007484E0 /* unit_test_person_image_1.jpg */; };
		1386B93B1505C51A007484E0 /* unit_test_person_image_2.jpg in Resources */ = {isa = PBXBuildFile; fileRef = 1386B93A1505C51A007484E0 /* unit_test_person_image_2.jpg */; };
		138AB0FE14F2332800103968 /* UIKit.framework in Frameworks */ = {isa = PBXBuildFile; fileRef = 138AB0FD14F2332800103968 /* UIKit.framework */; };
		138AB10014F2334F00103968 /* UIKit.framework in Frameworks */ = {isa = PBXBuildFile; fileRef = 138AB0FD14F2332800103968 /* UIKit.framework */; };
		13962F7B14F386C1005AFA2B /* RHGroupViewController.m in Sources */ = {isa = PBXBuildFile; fileRef = 13962F7A14F386C1005AFA2B /* RHGroupViewController.m */; };
		13962F7E14F386E7005AFA2B /* RHAddressBookViewController.m in Sources */ = {isa = PBXBuildFile; fileRef = 13962F7D14F386E7005AFA2B /* RHAddressBookViewController.m */; };
		13A53F1F1516ED9500E70064 /* unit_test_person_image_1_thumb.jpg in Resources */ = {isa = PBXBuildFile; fileRef = 13A53F1D1516ED9500E70064 /* unit_test_person_image_1_thumb.jpg */; };
		13A53F201516ED9500E70064 /* unit_test_person_image_2_thumb.jpg in Resources */ = {isa = PBXBuildFile; fileRef = 13A53F1E1516ED9500E70064 /* unit_test_person_image_2_thumb.jpg */; };
		13C2B76014F5919300B7D658 /* AddressBookUI.framework in Frameworks */ = {isa = PBXBuildFile; fileRef = 13C2B75F14F5919300B7D658 /* AddressBookUI.framework */; };
		13C2B76214FE1E6600B7D658 /* AddressBookUI.framework in Frameworks */ = {isa = PBXBuildFile; fileRef = 13C2B75F14F5919300B7D658 /* AddressBookUI.framework */; };
		13C6859A146F4E0E004D4458 /* RHAddressBookGeoResult.h in Headers */ = {isa = PBXBuildFile; fileRef = 13C68598146F4E0E004D4458 /* RHAddressBookGeoResult.h */; settings = {ATTRIBUTES = (Private, ); }; };
		13C6859B146F4E0E004D4458 /* RHAddressBookGeoResult.m in Sources */ = {isa = PBXBuildFile; fileRef = 13C68599146F4E0E004D4458 /* RHAddressBookGeoResult.m */; };
		13C9D504146C5A8600327D15 /* Foundation.framework in Frameworks */ = {isa = PBXBuildFile; fileRef = 13C9D503146C5A8600327D15 /* Foundation.framework */; };
		13C9D50A146C5A8600327D15 /* RHAddressBook.m in Sources */ = {isa = PBXBuildFile; fileRef = 13C9D509146C5A8600327D15 /* RHAddressBook.m */; };
		13C9D512146C5D1800327D15 /* RHAddressBookSharedServices.h in Headers */ = {isa = PBXBuildFile; fileRef = 13C9D510146C5D1800327D15 /* RHAddressBookSharedServices.h */; settings = {ATTRIBUTES = (Private, ); }; };
		13C9D513146C5D1800327D15 /* RHAddressBookSharedServices.m in Sources */ = {isa = PBXBuildFile; fileRef = 13C9D511146C5D1800327D15 /* RHAddressBookSharedServices.m */; };
		13C9D515146C5F4600327D15 /* AddressBook.framework in Frameworks */ = {isa = PBXBuildFile; fileRef = 13C9D514146C5F4600327D15 /* AddressBook.framework */; };
		13C9D517146C5F5200327D15 /* CoreLocation.framework in Frameworks */ = {isa = PBXBuildFile; fileRef = 13C9D516146C5F5200327D15 /* CoreLocation.framework */; };
		13C9D51A146C643300327D15 /* RHSource.h in Headers */ = {isa = PBXBuildFile; fileRef = 13C9D518146C643300327D15 /* RHSource.h */; settings = {ATTRIBUTES = (Public, ); }; };
		13C9D51B146C643300327D15 /* RHSource.m in Sources */ = {isa = PBXBuildFile; fileRef = 13C9D519146C643300327D15 /* RHSource.m */; };
		13C9D51F146C74CE00327D15 /* NSThread+RHBlockAdditions.h in Headers */ = {isa = PBXBuildFile; fileRef = 13C9D51D146C74CE00327D15 /* NSThread+RHBlockAdditions.h */; settings = {ATTRIBUTES = (Private, ); }; };
		13C9D520146C74CE00327D15 /* NSThread+RHBlockAdditions.m in Sources */ = {isa = PBXBuildFile; fileRef = 13C9D51E146C74CE00327D15 /* NSThread+RHBlockAdditions.m */; };
		13C9D523146C931400327D15 /* RHRecord.h in Headers */ = {isa = PBXBuildFile; fileRef = 13C9D521146C931400327D15 /* RHRecord.h */; settings = {ATTRIBUTES = (Public, ); }; };
		13C9D524146C931400327D15 /* RHRecord.m in Sources */ = {isa = PBXBuildFile; fileRef = 13C9D522146C931400327D15 /* RHRecord.m */; };
		13C9D527146CA10D00327D15 /* RHMultiValue.h in Headers */ = {isa = PBXBuildFile; fileRef = 13C9D525146CA10D00327D15 /* RHMultiValue.h */; settings = {ATTRIBUTES = (Public, ); }; };
		13C9D528146CA10D00327D15 /* RHMultiValue.m in Sources */ = {isa = PBXBuildFile; fileRef = 13C9D526146CA10D00327D15 /* RHMultiValue.m */; };
/* End PBXBuildFile section */

/* Begin PBXFileReference section */
		1308D9EE1516A94D00CBCC79 /* UIImage+RHResizingAdditions.h */ = {isa = PBXFileReference; fileEncoding = 4; lastKnownFileType = sourcecode.c.h; path = "UIImage+RHResizingAdditions.h"; sourceTree = "<group>"; };
		1308D9EF1516A94D00CBCC79 /* UIImage+RHResizingAdditions.m */ = {isa = PBXFileReference; fileEncoding = 4; lastKnownFileType = sourcecode.c.objc; path = "UIImage+RHResizingAdditions.m"; sourceTree = "<group>"; };
		1308D9F31516ACF600CBCC79 /* UIImage+RHComparingAdditions.h */ = {isa = PBXFileReference; fileEncoding = 4; lastKnownFileType = sourcecode.c.h; path = "UIImage+RHComparingAdditions.h"; sourceTree = "<group>"; };
		1308D9F41516ACF600CBCC79 /* UIImage+RHComparingAdditions.m */ = {isa = PBXFileReference; fileEncoding = 4; lastKnownFileType = sourcecode.c.objc; path = "UIImage+RHComparingAdditions.m"; sourceTree = "<group>"; };
		1308D9F61516AD6800CBCC79 /* UIImage+RHPixelAdditions.h */ = {isa = PBXFileReference; fileEncoding = 4; lastKnownFileType = sourcecode.c.h; path = "UIImage+RHPixelAdditions.h"; sourceTree = "<group>"; };
		1308D9F71516AD6800CBCC79 /* UIImage+RHPixelAdditions.m */ = {isa = PBXFileReference; fileEncoding = 4; lastKnownFileType = sourcecode.c.objc; path = "UIImage+RHPixelAdditions.m"; sourceTree = "<group>"; };
		130E2B7314EDE6820024BB17 /* RHAddressBookThreadMain.h */ = {isa = PBXFileReference; fileEncoding = 4; lastKnownFileType = sourcecode.c.h; path = RHAddressBookThreadMain.h; sourceTree = "<group>"; };
		130E2B7414EDE6820024BB17 /* RHAddressBookThreadMain.m */ = {isa = PBXFileReference; fileEncoding = 4; lastKnownFileType = sourcecode.c.objc; path = RHAddressBookThreadMain.m; sourceTree = "<group>"; };
		130F5E1A18D45E350028B4FD /* XCTest.framework */ = {isa = PBXFileReference; lastKnownFileType = wrapper.framework; name = XCTest.framework; path = Library/Frameworks/XCTest.framework; sourceTree = DEVELOPER_DIR; };
		1327948816056A5C00349DC5 /* Default-568h@2x.png */ = {isa = PBXFileReference; lastKnownFileType = image.png; name = "Default-568h@2x.png"; path = "../Default-568h@2x.png"; sourceTree = "<group>"; };
		132DF84814F32AB000513B38 /* RHAddressBook_Private.h */ = {isa = PBXFileReference; fileEncoding = 4; lastKnownFileType = sourcecode.c.h; path = RHAddressBook_Private.h; sourceTree = "<group>"; };
		132DF84B14F34E3100513B38 /* RHRecord_Private.h */ = {isa = PBXFileReference; fileEncoding = 4; lastKnownFileType = sourcecode.c.h; path = RHRecord_Private.h; sourceTree = "<group>"; };
		132FD68615A2D5EE001E0D15 /* RHARCSupport.h */ = {isa = PBXFileReference; lastKnownFileType = sourcecode.c.h; path = RHARCSupport.h; sourceTree = "<group>"; };
		133DF0931470EE36005330C7 /* RHAddressBookLogicTests.xctest */ = {isa = PBXFileReference; explicitFileType = wrapper.cfbundle; includeInIndex = 0; path = RHAddressBookLogicTests.xctest; sourceTree = BUILT_PRODUCTS_DIR; };
		133DF0991470EE36005330C7 /* RHAddressBookLogicTests-Info.plist */ = {isa = PBXFileReference; lastKnownFileType = text.plist.xml; path = "RHAddressBookLogicTests-Info.plist"; sourceTree = "<group>"; };
		133DF09B1470EE36005330C7 /* en */ = {isa = PBXFileReference; lastKnownFileType = text.plist.strings; name = en; path = en.lproj/InfoPlist.strings; sourceTree = "<group>"; };
		133DF09D1470EE36005330C7 /* RHAddressBookLogicTests.h */ = {isa = PBXFileReference; lastKnownFileType = sourcecode.c.h; path = RHAddressBookLogicTests.h; sourceTree = "<group>"; };
		133DF09E1470EE36005330C7 /* RHAddressBookLogicTests.m */ = {isa = PBXFileReference; lastKnownFileType = sourcecode.c.objc; path = RHAddressBookLogicTests.m; sourceTree = "<group>"; };
		133DF0A01470EE36005330C7 /* RHAddressBookLogicTests-Prefix.pch */ = {isa = PBXFileReference; lastKnownFileType = sourcecode.c.h; path = "RHAddressBookLogicTests-Prefix.pch"; sourceTree = "<group>"; };
		133DF0A81470F273005330C7 /* RHAddressBookTester.app */ = {isa = PBXFileReference; explicitFileType = wrapper.application; includeInIndex = 0; path = RHAddressBookTester.app; sourceTree = BUILT_PRODUCTS_DIR; };
		133DF0AC1470F273005330C7 /* CoreGraphics.framework */ = {isa = PBXFileReference; lastKnownFileType = wrapper.framework; name = CoreGraphics.framework; path = System/Library/Frameworks/CoreGraphics.framework; sourceTree = SDKROOT; };
		133DF0B01470F273005330C7 /* RHAddressBookTester-Info.plist */ = {isa = PBXFileReference; lastKnownFileType = text.plist.xml; path = "RHAddressBookTester-Info.plist"; sourceTree = "<group>"; };
		133DF0B21470F273005330C7 /* en */ = {isa = PBXFileReference; lastKnownFileType = text.plist.strings; name = en; path = en.lproj/InfoPlist.strings; sourceTree = "<group>"; };
		133DF0B41470F273005330C7 /* main.m */ = {isa = PBXFileReference; lastKnownFileType = sourcecode.c.objc; path = main.m; sourceTree = "<group>"; };
		133DF0B61470F273005330C7 /* RHAddressBookTester-Prefix.pch */ = {isa = PBXFileReference; lastKnownFileType = sourcecode.c.h; path = "RHAddressBookTester-Prefix.pch"; sourceTree = "<group>"; };
		133DF0B71470F273005330C7 /* RHAppDelegate.h */ = {isa = PBXFileReference; lastKnownFileType = sourcecode.c.h; path = RHAppDelegate.h; sourceTree = "<group>"; };
		133DF0B81470F273005330C7 /* RHAppDelegate.m */ = {isa = PBXFileReference; lastKnownFileType = sourcecode.c.objc; path = RHAppDelegate.m; sourceTree = "<group>"; };
		133DF0CC1471047A005330C7 /* RHGroup.h */ = {isa = PBXFileReference; fileEncoding = 4; lastKnownFileType = sourcecode.c.h; path = RHGroup.h; sourceTree = "<group>"; };
		133DF0CD1471047A005330C7 /* RHGroup.m */ = {isa = PBXFileReference; fileEncoding = 4; lastKnownFileType = sourcecode.c.objc; path = RHGroup.m; sourceTree = "<group>"; };
		133DF0D0147104AA005330C7 /* RHPerson.h */ = {isa = PBXFileReference; fileEncoding = 4; lastKnownFileType = sourcecode.c.h; path = RHPerson.h; sourceTree = "<group>"; };
		133DF0D1147104AA005330C7 /* RHPerson.m */ = {isa = PBXFileReference; fileEncoding = 4; lastKnownFileType = sourcecode.c.objc; path = RHPerson.m; sourceTree = "<group>"; };
		1371E4B9151B117200C0DF49 /* RHPersonLabels.h */ = {isa = PBXFileReference; lastKnownFileType = sourcecode.c.h; path = RHPersonLabels.h; sourceTree = "<group>"; };
		137A74661470E02300DDC1D7 /* AddressBook.h */ = {isa = PBXFileReference; fileEncoding = 4; lastKnownFileType = sourcecode.c.h; path = AddressBook.h; sourceTree = "<group>"; };
		1386B9371505C33C007484E0 /* unit_test_person_image_1.jpg */ = {isa = PBXFileReference; lastKnownFileType = image.jpeg; path = unit_test_person_image_1.jpg; sourceTree = "<group>"; };
		1386B93A1505C51A007484E0 /* unit_test_person_image_2.jpg */ = {isa = PBXFileReference; lastKnownFileType = image.jpeg; path = unit_test_person_image_2.jpg; sourceTree = "<group>"; };
		138AB0FD14F2332800103968 /* UIKit.framework */ = {isa = PBXFileReference; lastKnownFileType = wrapper.framework; name = UIKit.framework; path = System/Library/Frameworks/UIKit.framework; sourceTree = SDKROOT; };
		13962F7914F386C1005AFA2B /* RHGroupViewController.h */ = {isa = PBXFileReference; fileEncoding = 4; lastKnownFileType = sourcecode.c.h; path = RHGroupViewController.h; sourceTree = "<group>"; };
		13962F7A14F386C1005AFA2B /* RHGroupViewController.m */ = {isa = PBXFileReference; fileEncoding = 4; lastKnownFileType = sourcecode.c.objc; path = RHGroupViewController.m; sourceTree = "<group>"; };
		13962F7C14F386E7005AFA2B /* RHAddressBookViewController.h */ = {isa = PBXFileReference; fileEncoding = 4; lastKnownFileType = sourcecode.c.h; path = RHAddressBookViewController.h; sourceTree = "<group>"; };
		13962F7D14F386E7005AFA2B /* RHAddressBookViewController.m */ = {isa = PBXFileReference; fileEncoding = 4; lastKnownFileType = sourcecode.c.objc; path = RHAddressBookViewController.m; sourceTree = "<group>"; };
		13A53F1D1516ED9500E70064 /* unit_test_person_image_1_thumb.jpg */ = {isa = PBXFileReference; lastKnownFileType = image.jpeg; path = unit_test_person_image_1_thumb.jpg; sourceTree = "<group>"; };
		13A53F1E1516ED9500E70064 /* unit_test_person_image_2_thumb.jpg */ = {isa = PBXFileReference; lastKnownFileType = image.jpeg; path = unit_test_person_image_2_thumb.jpg; sourceTree = "<group>"; };
		13C2B75F14F5919300B7D658 /* AddressBookUI.framework */ = {isa = PBXFileReference; lastKnownFileType = wrapper.framework; name = AddressBookUI.framework; path = System/Library/Frameworks/AddressBookUI.framework; sourceTree = SDKROOT; };
		13C68598146F4E0E004D4458 /* RHAddressBookGeoResult.h */ = {isa = PBXFileReference; fileEncoding = 4; lastKnownFileType = sourcecode.c.h; path = RHAddressBookGeoResult.h; sourceTree = "<group>"; };
		13C68599146F4E0E004D4458 /* RHAddressBookGeoResult.m */ = {isa = PBXFileReference; fileEncoding = 4; lastKnownFileType = sourcecode.c.objc; path = RHAddressBookGeoResult.m; sourceTree = "<group>"; };
		13C9D500146C5A8600327D15 /* libRHAddressBook.a */ = {isa = PBXFileReference; explicitFileType = archive.ar; includeInIndex = 0; path = libRHAddressBook.a; sourceTree = BUILT_PRODUCTS_DIR; };
		13C9D503146C5A8600327D15 /* Foundation.framework */ = {isa = PBXFileReference; lastKnownFileType = wrapper.framework; name = Foundation.framework; path = System/Library/Frameworks/Foundation.framework; sourceTree = SDKROOT; };
		13C9D507146C5A8600327D15 /* RHAddressBook-Prefix.pch */ = {isa = PBXFileReference; lastKnownFileType = sourcecode.c.h; path = "RHAddressBook-Prefix.pch"; sourceTree = "<group>"; };
		13C9D508146C5A8600327D15 /* RHAddressBook.h */ = {isa = PBXFileReference; lastKnownFileType = sourcecode.c.h; path = RHAddressBook.h; sourceTree = "<group>"; };
		13C9D509146C5A8600327D15 /* RHAddressBook.m */ = {isa = PBXFileReference; lastKnownFileType = sourcecode.c.objc; path = RHAddressBook.m; sourceTree = "<group>"; };
		13C9D510146C5D1800327D15 /* RHAddressBookSharedServices.h */ = {isa = PBXFileReference; fileEncoding = 4; lastKnownFileType = sourcecode.c.h; path = RHAddressBookSharedServices.h; sourceTree = "<group>"; };
		13C9D511146C5D1800327D15 /* RHAddressBookSharedServices.m */ = {isa = PBXFileReference; fileEncoding = 4; lastKnownFileType = sourcecode.c.objc; path = RHAddressBookSharedServices.m; sourceTree = "<group>"; };
		13C9D514146C5F4600327D15 /* AddressBook.framework */ = {isa = PBXFileReference; lastKnownFileType = wrapper.framework; name = AddressBook.framework; path = System/Library/Frameworks/AddressBook.framework; sourceTree = SDKROOT; };
		13C9D516146C5F5200327D15 /* CoreLocation.framework */ = {isa = PBXFileReference; lastKnownFileType = wrapper.framework; name = CoreLocation.framework; path = System/Library/Frameworks/CoreLocation.framework; sourceTree = SDKROOT; };
		13C9D518146C643300327D15 /* RHSource.h */ = {isa = PBXFileReference; fileEncoding = 4; lastKnownFileType = sourcecode.c.h; path = RHSource.h; sourceTree = "<group>"; };
		13C9D519146C643300327D15 /* RHSource.m */ = {isa = PBXFileReference; fileEncoding = 4; lastKnownFileType = sourcecode.c.objc; path = RHSource.m; sourceTree = "<group>"; };
		13C9D51D146C74CE00327D15 /* NSThread+RHBlockAdditions.h */ = {isa = PBXFileReference; fileEncoding = 4; lastKnownFileType = sourcecode.c.h; path = "NSThread+RHBlockAdditions.h"; sourceTree = "<group>"; };
		13C9D51E146C74CE00327D15 /* NSThread+RHBlockAdditions.m */ = {isa = PBXFileReference; fileEncoding = 4; lastKnownFileType = sourcecode.c.objc; path = "NSThread+RHBlockAdditions.m"; sourceTree = "<group>"; };
		13C9D521146C931400327D15 /* RHRecord.h */ = {isa = PBXFileReference; fileEncoding = 4; lastKnownFileType = sourcecode.c.h; path = RHRecord.h; sourceTree = "<group>"; };
		13C9D522146C931400327D15 /* RHRecord.m */ = {isa = PBXFileReference; fileEncoding = 4; lastKnownFileType = sourcecode.c.objc; path = RHRecord.m; sourceTree = "<group>"; };
		13C9D525146CA10D00327D15 /* RHMultiValue.h */ = {isa = PBXFileReference; fileEncoding = 4; lastKnownFileType = sourcecode.c.h; path = RHMultiValue.h; sourceTree = "<group>"; };
		13C9D526146CA10D00327D15 /* RHMultiValue.m */ = {isa = PBXFileReference; fileEncoding = 4; lastKnownFileType = sourcecode.c.objc; path = RHMultiValue.m; sourceTree = "<group>"; };
/* End PBXFileReference section */

/* Begin PBXFrameworksBuildPhase section */
		133DF08F1470EE36005330C7 /* Frameworks */ = {
			isa = PBXFrameworksBuildPhase;
			buildActionMask = 2147483647;
			files = (
				130F5E1B18D45E350028B4FD /* XCTest.framework in Frameworks */,
				1308D9E81512CE3600CBCC79 /* CoreGraphics.framework in Frameworks */,
				13C2B76214FE1E6600B7D658 /* AddressBookUI.framework in Frameworks */,
				138AB0FE14F2332800103968 /* UIKit.framework in Frameworks */,
				130E2B7A14EDFF4F0024BB17 /* CoreLocation.framework in Frameworks */,
				130E2B7914EDFF380024BB17 /* AddressBook.framework in Frameworks */,
				130E2B7814EDFF250024BB17 /* libRHAddressBook.a in Frameworks */,
				133DF0961470EE36005330C7 /* Foundation.framework in Frameworks */,
			);
			runOnlyForDeploymentPostprocessing = 0;
		};
		133DF0A51470F273005330C7 /* Frameworks */ = {
			isa = PBXFrameworksBuildPhase;
			buildActionMask = 2147483647;
			files = (
				13C2B76014F5919300B7D658 /* AddressBookUI.framework in Frameworks */,
				133DF0CB1470FE51005330C7 /* CoreLocation.framework in Frameworks */,
				133DF0CA1470FE46005330C7 /* AddressBook.framework in Frameworks */,
				133DF0C91470FE42005330C7 /* libRHAddressBook.a in Frameworks */,
				133DF0AB1470F273005330C7 /* Foundation.framework in Frameworks */,
				133DF0AD1470F273005330C7 /* CoreGraphics.framework in Frameworks */,
				138AB10014F2334F00103968 /* UIKit.framework in Frameworks */,
			);
			runOnlyForDeploymentPostprocessing = 0;
		};
		13C9D4FD146C5A8600327D15 /* Frameworks */ = {
			isa = PBXFrameworksBuildPhase;
			buildActionMask = 2147483647;
			files = (
				13C9D517146C5F5200327D15 /* CoreLocation.framework in Frameworks */,
				13C9D515146C5F4600327D15 /* AddressBook.framework in Frameworks */,
				13C9D504146C5A8600327D15 /* Foundation.framework in Frameworks */,
			);
			runOnlyForDeploymentPostprocessing = 0;
		};
/* End PBXFrameworksBuildPhase section */

/* Begin PBXGroup section */
		1308D9F21516A96500CBCC79 /* Categories */ = {
			isa = PBXGroup;
			children = (
				1308D9EE1516A94D00CBCC79 /* UIImage+RHResizingAdditions.h */,
				1308D9EF1516A94D00CBCC79 /* UIImage+RHResizingAdditions.m */,
				1308D9F31516ACF600CBCC79 /* UIImage+RHComparingAdditions.h */,
				1308D9F41516ACF600CBCC79 /* UIImage+RHComparingAdditions.m */,
				1308D9F61516AD6800CBCC79 /* UIImage+RHPixelAdditions.h */,
				1308D9F71516AD6800CBCC79 /* UIImage+RHPixelAdditions.m */,
			);
			name = Categories;
			sourceTree = "<group>";
		};
		133DF0971470EE36005330C7 /* RHAddressBookLogicTests */ = {
			isa = PBXGroup;
			children = (
				133DF09D1470EE36005330C7 /* RHAddressBookLogicTests.h */,
				133DF09E1470EE36005330C7 /* RHAddressBookLogicTests.m */,
				1386B9371505C33C007484E0 /* unit_test_person_image_1.jpg */,
				1386B93A1505C51A007484E0 /* unit_test_person_image_2.jpg */,
				13A53F1D1516ED9500E70064 /* unit_test_person_image_1_thumb.jpg */,
				13A53F1E1516ED9500E70064 /* unit_test_person_image_2_thumb.jpg */,
				1308D9F21516A96500CBCC79 /* Categories */,
				133DF0981470EE36005330C7 /* Supporting Files */,
			);
			path = RHAddressBookLogicTests;
			sourceTree = "<group>";
		};
		133DF0981470EE36005330C7 /* Supporting Files */ = {
			isa = PBXGroup;
			children = (
				133DF0991470EE36005330C7 /* RHAddressBookLogicTests-Info.plist */,
				133DF09A1470EE36005330C7 /* InfoPlist.strings */,
				133DF0A01470EE36005330C7 /* RHAddressBookLogicTests-Prefix.pch */,
			);
			name = "Supporting Files";
			sourceTree = "<group>";
		};
		133DF0AE1470F273005330C7 /* RHAddressBookTester */ = {
			isa = PBXGroup;
			children = (
				133DF0B71470F273005330C7 /* RHAppDelegate.h */,
				133DF0B81470F273005330C7 /* RHAppDelegate.m */,
				13962F7C14F386E7005AFA2B /* RHAddressBookViewController.h */,
				13962F7D14F386E7005AFA2B /* RHAddressBookViewController.m */,
				13962F7914F386C1005AFA2B /* RHGroupViewController.h */,
				13962F7A14F386C1005AFA2B /* RHGroupViewController.m */,
				133DF0AF1470F273005330C7 /* Supporting Files */,
			);
			path = RHAddressBookTester;
			sourceTree = SOURCE_ROOT;
		};
		133DF0AF1470F273005330C7 /* Supporting Files */ = {
			isa = PBXGroup;
			children = (
				1327948816056A5C00349DC5 /* Default-568h@2x.png */,
				133DF0B01470F273005330C7 /* RHAddressBookTester-Info.plist */,
				133DF0B11470F273005330C7 /* InfoPlist.strings */,
				133DF0B41470F273005330C7 /* main.m */,
				133DF0B61470F273005330C7 /* RHAddressBookTester-Prefix.pch */,
			);
			name = "Supporting Files";
			sourceTree = "<group>";
		};
		13C9D4F5146C5A8600327D15 = {
			isa = PBXGroup;
			children = (
				13C9D505146C5A8600327D15 /* RHAddressBook */,
				133DF0AE1470F273005330C7 /* RHAddressBookTester */,
				133DF0971470EE36005330C7 /* RHAddressBookLogicTests */,
				13C9D502146C5A8600327D15 /* Frameworks */,
				13C2B75F14F5919300B7D658 /* AddressBookUI.framework */,
				13C9D501146C5A8600327D15 /* Products */,
			);
			sourceTree = "<group>";
		};
		13C9D501146C5A8600327D15 /* Products */ = {
			isa = PBXGroup;
			children = (
				13C9D500146C5A8600327D15 /* libRHAddressBook.a */,
				133DF0931470EE36005330C7 /* RHAddressBookLogicTests.xctest */,
				133DF0A81470F273005330C7 /* RHAddressBookTester.app */,
			);
			name = Products;
			sourceTree = "<group>";
		};
		13C9D502146C5A8600327D15 /* Frameworks */ = {
			isa = PBXGroup;
			children = (
				130F5E1A18D45E350028B4FD /* XCTest.framework */,
				13C9D516146C5F5200327D15 /* CoreLocation.framework */,
				13C9D514146C5F4600327D15 /* AddressBook.framework */,
				13C9D503146C5A8600327D15 /* Foundation.framework */,
				138AB0FD14F2332800103968 /* UIKit.framework */,
				133DF0AC1470F273005330C7 /* CoreGraphics.framework */,
			);
			name = Frameworks;
			sourceTree = "<group>";
		};
		13C9D505146C5A8600327D15 /* RHAddressBook */ = {
			isa = PBXGroup;
			children = (
				13C9D51C146C6FB800327D15 /* Categories */,
				137A74661470E02300DDC1D7 /* AddressBook.h */,
				13C9D508146C5A8600327D15 /* RHAddressBook.h */,
				132DF84814F32AB000513B38 /* RHAddressBook_Private.h */,
				13C9D509146C5A8600327D15 /* RHAddressBook.m */,
				130E2B7314EDE6820024BB17 /* RHAddressBookThreadMain.h */,
				130E2B7414EDE6820024BB17 /* RHAddressBookThreadMain.m */,
				13C9D521146C931400327D15 /* RHRecord.h */,
				132DF84B14F34E3100513B38 /* RHRecord_Private.h */,
				13C9D522146C931400327D15 /* RHRecord.m */,
				13C9D518146C643300327D15 /* RHSource.h */,
				13C9D519146C643300327D15 /* RHSource.m */,
				133DF0CC1471047A005330C7 /* RHGroup.h */,
				133DF0CD1471047A005330C7 /* RHGroup.m */,
				133DF0D0147104AA005330C7 /* RHPerson.h */,
				133DF0D1147104AA005330C7 /* RHPerson.m */,
				1371E4B9151B117200C0DF49 /* RHPersonLabels.h */,
				13C9D525146CA10D00327D15 /* RHMultiValue.h */,
				13C9D526146CA10D00327D15 /* RHMultiValue.m */,
				13C9D510146C5D1800327D15 /* RHAddressBookSharedServices.h */,
				13C9D511146C5D1800327D15 /* RHAddressBookSharedServices.m */,
				13C68598146F4E0E004D4458 /* RHAddressBookGeoResult.h */,
				13C68599146F4E0E004D4458 /* RHAddressBookGeoResult.m */,
				13C9D506146C5A8600327D15 /* Supporting Files */,
			);
			path = RHAddressBook;
			sourceTree = "<group>";
		};
		13C9D506146C5A8600327D15 /* Supporting Files */ = {
			isa = PBXGroup;
			children = (
				13C9D507146C5A8600327D15 /* RHAddressBook-Prefix.pch */,
				132FD68615A2D5EE001E0D15 /* RHARCSupport.h */,
			);
			name = "Supporting Files";
			sourceTree = "<group>";
		};
		13C9D51C146C6FB800327D15 /* Categories */ = {
			isa = PBXGroup;
			children = (
				13C9D51D146C74CE00327D15 /* NSThread+RHBlockAdditions.h */,
				13C9D51E146C74CE00327D15 /* NSThread+RHBlockAdditions.m */,
			);
			name = Categories;
			sourceTree = "<group>";
		};
/* End PBXGroup section */

/* Begin PBXHeadersBuildPhase section */
		13C9D4FE146C5A8600327D15 /* Headers */ = {
			isa = PBXHeadersBuildPhase;
			buildActionMask = 2147483647;
			files = (
				137A74671470E02300DDC1D7 /* AddressBook.h in Headers */,
				13C9D523146C931400327D15 /* RHRecord.h in Headers */,
				13C9D527146CA10D00327D15 /* RHMultiValue.h in Headers */,
				13C9D51A146C643300327D15 /* RHSource.h in Headers */,
				13C9D512146C5D1800327D15 /* RHAddressBookSharedServices.h in Headers */,
				13C6859A146F4E0E004D4458 /* RHAddressBookGeoResult.h in Headers */,
				13C9D51F146C74CE00327D15 /* NSThread+RHBlockAdditions.h in Headers */,
				134338D51638920100150FE5 /* RHAddressBook.h in Headers */,
				133DF0CE1471047A005330C7 /* RHGroup.h in Headers */,
				133DF0D2147104AA005330C7 /* RHPerson.h in Headers */,
				130E2B7514EDE6830024BB17 /* RHAddressBookThreadMain.h in Headers */,
				132DF84914F32AB000513B38 /* RHAddressBook_Private.h in Headers */,
				132DF84C14F34E3200513B38 /* RHRecord_Private.h in Headers */,
				1371E4BB151B1B5400C0DF49 /* RHPersonLabels.h in Headers */,
			);
			runOnlyForDeploymentPostprocessing = 0;
		};
/* End PBXHeadersBuildPhase section */

/* Begin PBXNativeTarget section */
		133DF0921470EE36005330C7 /* RHAddressBookLogicTests */ = {
			isa = PBXNativeTarget;
			buildConfigurationList = 133DF0A11470EE36005330C7 /* Build configuration list for PBXNativeTarget "RHAddressBookLogicTests" */;
			buildPhases = (
				133DF08E1470EE36005330C7 /* Sources */,
				133DF08F1470EE36005330C7 /* Frameworks */,
				133DF0901470EE36005330C7 /* Resources */,
				133DF0911470EE36005330C7 /* ShellScript */,
			);
			buildRules = (
			);
			dependencies = (
			);
			name = RHAddressBookLogicTests;
			productName = RHAddressBookLogicTests;
			productReference = 133DF0931470EE36005330C7 /* RHAddressBookLogicTests.xctest */;
			productType = "com.apple.product-type.bundle.unit-test";
		};
		133DF0A71470F273005330C7 /* RHAddressBookTester */ = {
			isa = PBXNativeTarget;
			buildConfigurationList = 133DF0C61470F273005330C7 /* Build configuration list for PBXNativeTarget "RHAddressBookTester" */;
			buildPhases = (
				133DF0A41470F273005330C7 /* Sources */,
				133DF0A51470F273005330C7 /* Frameworks */,
				133DF0A61470F273005330C7 /* Resources */,
			);
			buildRules = (
			);
			dependencies = (
			);
			name = RHAddressBookTester;
			productName = RHAddressBookTester;
			productReference = 133DF0A81470F273005330C7 /* RHAddressBookTester.app */;
			productType = "com.apple.product-type.application";
		};
		13C9D4FF146C5A8600327D15 /* RHAddressBook */ = {
			isa = PBXNativeTarget;
			buildConfigurationList = 13C9D50D146C5A8600327D15 /* Build configuration list for PBXNativeTarget "RHAddressBook" */;
			buildPhases = (
				13C9D4FC146C5A8600327D15 /* Sources */,
				13C9D4FD146C5A8600327D15 /* Frameworks */,
				13C9D4FE146C5A8600327D15 /* Headers */,
			);
			buildRules = (
			);
			dependencies = (
			);
			name = RHAddressBook;
			productName = RHAddressBook;
			productReference = 13C9D500146C5A8600327D15 /* libRHAddressBook.a */;
			productType = "com.apple.product-type.library.static";
		};
/* End PBXNativeTarget section */

/* Begin PBXProject section */
		13C9D4F7146C5A8600327D15 /* Project object */ = {
			isa = PBXProject;
			attributes = {
				LastUpgradeCheck = 0510;
				ORGANIZATIONNAME = "Richard Heard";
				TargetAttributes = {
					133DF0921470EE36005330C7 = {
						TestTargetID = 133DF0A71470F273005330C7;
					};
				};
			};
			buildConfigurationList = 13C9D4FA146C5A8600327D15 /* Build configuration list for PBXProject "RHAddressBook" */;
			compatibilityVersion = "Xcode 3.2";
			developmentRegion = English;
			hasScannedForEncodings = 0;
			knownRegions = (
				en,
			);
			mainGroup = 13C9D4F5146C5A8600327D15;
			productRefGroup = 13C9D501146C5A8600327D15 /* Products */;
			projectDirPath = "";
			projectRoot = "";
			targets = (
				13C9D4FF146C5A8600327D15 /* RHAddressBook */,
				133DF0A71470F273005330C7 /* RHAddressBookTester */,
				133DF0921470EE36005330C7 /* RHAddressBookLogicTests */,
			);
		};
/* End PBXProject section */

/* Begin PBXResourcesBuildPhase section */
		133DF0901470EE36005330C7 /* Resources */ = {
			isa = PBXResourcesBuildPhase;
			buildActionMask = 2147483647;
			files = (
				133DF09C1470EE36005330C7 /* InfoPlist.strings in Resources */,
				1386B9381505C33C007484E0 /* unit_test_person_image_1.jpg in Resources */,
				1386B93B1505C51A007484E0 /* unit_test_person_image_2.jpg in Resources */,
				13A53F1F1516ED9500E70064 /* unit_test_person_image_1_thumb.jpg in Resources */,
				13A53F201516ED9500E70064 /* unit_test_person_image_2_thumb.jpg in Resources */,
			);
			runOnlyForDeploymentPostprocessing = 0;
		};
		133DF0A61470F273005330C7 /* Resources */ = {
			isa = PBXResourcesBuildPhase;
			buildActionMask = 2147483647;
			files = (
				133DF0B31470F273005330C7 /* InfoPlist.strings in Resources */,
				1327948916056A5C00349DC5 /* Default-568h@2x.png in Resources */,
			);
			runOnlyForDeploymentPostprocessing = 0;
		};
/* End PBXResourcesBuildPhase section */

/* Begin PBXShellScriptBuildPhase section */
		133DF0911470EE36005330C7 /* ShellScript */ = {
			isa = PBXShellScriptBuildPhase;
			buildActionMask = 2147483647;
			files = (
			);
			inputPaths = (
			);
			outputPaths = (
			);
			runOnlyForDeploymentPostprocessing = 0;
			shellPath = /bin/sh;
			shellScript = "# Run the unit tests in this test bundle.\n\"${SYSTEM_DEVELOPER_DIR}/Tools/RunUnitTests\"\n";
		};
/* End PBXShellScriptBuildPhase section */

/* Begin PBXSourcesBuildPhase section */
		133DF08E1470EE36005330C7 /* Sources */ = {
			isa = PBXSourcesBuildPhase;
			buildActionMask = 2147483647;
			files = (
				133DF09F1470EE36005330C7 /* RHAddressBookLogicTests.m in Sources */,
				1308D9F51516ACF600CBCC79 /* UIImage+RHComparingAdditions.m in Sources */,
				1308D9F81516AD6800CBCC79 /* UIImage+RHPixelAdditions.m in Sources */,
				1308D9F91516BE8800CBCC79 /* UIImage+RHResizingAdditions.m in Sources */,
			);
			runOnlyForDeploymentPostprocessing = 0;
		};
		133DF0A41470F273005330C7 /* Sources */ = {
			isa = PBXSourcesBuildPhase;
			buildActionMask = 2147483647;
			files = (
				133DF0B51470F273005330C7 /* main.m in Sources */,
				133DF0B91470F273005330C7 /* RHAppDelegate.m in Sources */,
				13962F7B14F386C1005AFA2B /* RHGroupViewController.m in Sources */,
				13962F7E14F386E7005AFA2B /* RHAddressBookViewController.m in Sources */,
			);
			runOnlyForDeploymentPostprocessing = 0;
		};
		13C9D4FC146C5A8600327D15 /* Sources */ = {
			isa = PBXSourcesBuildPhase;
			buildActionMask = 2147483647;
			files = (
				13C9D50A146C5A8600327D15 /* RHAddressBook.m in Sources */,
				13C9D513146C5D1800327D15 /* RHAddressBookSharedServices.m in Sources */,
				13C9D51B146C643300327D15 /* RHSource.m in Sources */,
				13C9D520146C74CE00327D15 /* NSThread+RHBlockAdditions.m in Sources */,
				13C9D524146C931400327D15 /* RHRecord.m in Sources */,
				13C9D528146CA10D00327D15 /* RHMultiValue.m in Sources */,
				13C6859B146F4E0E004D4458 /* RHAddressBookGeoResult.m in Sources */,
				133DF0CF1471047A005330C7 /* RHGroup.m in Sources */,
				133DF0D3147104AA005330C7 /* RHPerson.m in Sources */,
				130E2B7614EDE6830024BB17 /* RHAddressBookThreadMain.m in Sources */,
			);
			runOnlyForDeploymentPostprocessing = 0;
		};
/* End PBXSourcesBuildPhase section */

/* Begin PBXVariantGroup section */
		133DF09A1470EE36005330C7 /* InfoPlist.strings */ = {
			isa = PBXVariantGroup;
			children = (
				133DF09B1470EE36005330C7 /* en */,
			);
			name = InfoPlist.strings;
			sourceTree = "<group>";
		};
		133DF0B11470F273005330C7 /* InfoPlist.strings */ = {
			isa = PBXVariantGroup;
			children = (
				133DF0B21470F273005330C7 /* en */,
			);
			name = InfoPlist.strings;
			sourceTree = "<group>";
		};
/* End PBXVariantGroup section */

/* Begin XCBuildConfiguration section */
		133DF0A21470EE36005330C7 /* Debug */ = {
			isa = XCBuildConfiguration;
			buildSettings = {
				BUNDLE_LOADER = "$(BUILT_PRODUCTS_DIR)/RHAddressBookTester.app/RHAddressBookTester";
				FRAMEWORK_SEARCH_PATHS = (
					"$(SDKROOT)/Developer/Library/Frameworks",
					"$(inherited)",
					"$(DEVELOPER_FRAMEWORKS_DIR)",
				);
				GCC_PRECOMPILE_PREFIX_HEADER = YES;
				GCC_PREFIX_HEADER = "RHAddressBookLogicTests/RHAddressBookLogicTests-Prefix.pch";
				GCC_THUMB_SUPPORT = NO;
				INFOPLIST_FILE = "RHAddressBookLogicTests/RHAddressBookLogicTests-Info.plist";
				PRODUCT_NAME = "$(TARGET_NAME)";
				TEST_HOST = "$(BUNDLE_LOADER)";
			};
			name = Debug;
		};
		133DF0A31470EE36005330C7 /* Release */ = {
			isa = XCBuildConfiguration;
			buildSettings = {
				BUNDLE_LOADER = "$(BUILT_PRODUCTS_DIR)/RHAddressBookTester.app/RHAddressBookTester";
				FRAMEWORK_SEARCH_PATHS = (
					"$(SDKROOT)/Developer/Library/Frameworks",
					"$(inherited)",
					"$(DEVELOPER_FRAMEWORKS_DIR)",
				);
				GCC_PRECOMPILE_PREFIX_HEADER = YES;
				GCC_PREFIX_HEADER = "RHAddressBookLogicTests/RHAddressBookLogicTests-Prefix.pch";
				GCC_THUMB_SUPPORT = NO;
				INFOPLIST_FILE = "RHAddressBookLogicTests/RHAddressBookLogicTests-Info.plist";
				PRODUCT_NAME = "$(TARGET_NAME)";
				TEST_HOST = "$(BUNDLE_LOADER)";
			};
			name = Release;
		};
		133DF0C71470F273005330C7 /* Debug */ = {
			isa = XCBuildConfiguration;
			buildSettings = {
				"CODE_SIGN_IDENTITY[sdk=iphoneos*]" = "iPhone Developer";
				FRAMEWORK_SEARCH_PATHS = (
					"$(inherited)",
					"\"$(DEVELOPER_FRAMEWORKS_DIR)\"",
				);
				GCC_PRECOMPILE_PREFIX_HEADER = YES;
				GCC_PREFIX_HEADER = "RHAddressBookTester/RHAddressBookTester-Prefix.pch";
				GCC_THUMB_SUPPORT = NO;
				INFOPLIST_FILE = "RHAddressBookTester/RHAddressBookTester-Info.plist";
				OTHER_LDFLAGS = "-ObjC";
				PRODUCT_NAME = "$(TARGET_NAME)";
				WRAPPER_EXTENSION = app;
			};
			name = Debug;
		};
		133DF0C81470F273005330C7 /* Release */ = {
			isa = XCBuildConfiguration;
			buildSettings = {
				"CODE_SIGN_IDENTITY[sdk=iphoneos*]" = "iPhone Developer";
				FRAMEWORK_SEARCH_PATHS = (
					"$(inherited)",
					"\"$(DEVELOPER_FRAMEWORKS_DIR)\"",
				);
				GCC_PRECOMPILE_PREFIX_HEADER = YES;
				GCC_PREFIX_HEADER = "RHAddressBookTester/RHAddressBookTester-Prefix.pch";
				GCC_THUMB_SUPPORT = NO;
				INFOPLIST_FILE = "RHAddressBookTester/RHAddressBookTester-Info.plist";
				OTHER_CFLAGS = "-DNS_BLOCK_ASSERTIONS=1";
				OTHER_LDFLAGS = "-ObjC";
				PRODUCT_NAME = "$(TARGET_NAME)";
				WRAPPER_EXTENSION = app;
			};
			name = Release;
		};
		13C9D50B146C5A8600327D15 /* Debug */ = {
			isa = XCBuildConfiguration;
			buildSettings = {
				ALWAYS_SEARCH_USER_PATHS = NO;
				CLANG_WARN_BOOL_CONVERSION = YES;
				CLANG_WARN_CONSTANT_CONVERSION = YES;
				CLANG_WARN_EMPTY_BODY = YES;
				CLANG_WARN_ENUM_CONVERSION = YES;
				CLANG_WARN_INT_CONVERSION = YES;
				CLANG_WARN__DUPLICATE_METHOD_MATCH = YES;
				COPY_PHASE_STRIP = NO;
				GCC_C_LANGUAGE_STANDARD = gnu99;
				GCC_DYNAMIC_NO_PIC = NO;
				GCC_OPTIMIZATION_LEVEL = 0;
				GCC_PREPROCESSOR_DEFINITIONS = (
					"DEBUG=1",
					"$(inherited)",
				);
				GCC_SYMBOLS_PRIVATE_EXTERN = NO;
				GCC_THUMB_SUPPORT = NO;
				GCC_VERSION = com.apple.compilers.llvm.clang.1_0;
				GCC_WARN_64_TO_32_BIT_CONVERSION = YES;
				GCC_WARN_ABOUT_MISSING_PROTOTYPES = YES;
				GCC_WARN_ABOUT_RETURN_TYPE = YES;
				GCC_WARN_UNDECLARED_SELECTOR = YES;
				GCC_WARN_UNINITIALIZED_AUTOS = YES;
				GCC_WARN_UNUSED_FUNCTION = YES;
				GCC_WARN_UNUSED_VARIABLE = YES;
				IPHONEOS_DEPLOYMENT_TARGET = 4.0;
				ONLY_ACTIVE_ARCH = YES;
				OTHER_LDFLAGS = "-ObjC";
				SDKROOT = iphoneos;
			};
			name = Debug;
		};
		13C9D50C146C5A8600327D15 /* Release */ = {
			isa = XCBuildConfiguration;
			buildSettings = {
				ALWAYS_SEARCH_USER_PATHS = NO;
				CLANG_WARN_BOOL_CONVERSION = YES;
				CLANG_WARN_CONSTANT_CONVERSION = YES;
				CLANG_WARN_EMPTY_BODY = YES;
				CLANG_WARN_ENUM_CONVERSION = YES;
				CLANG_WARN_INT_CONVERSION = YES;
				CLANG_WARN__DUPLICATE_METHOD_MATCH = YES;
				COPY_PHASE_STRIP = YES;
				GCC_C_LANGUAGE_STANDARD = gnu99;
				GCC_THUMB_SUPPORT = NO;
				GCC_VERSION = com.apple.compilers.llvm.clang.1_0;
				GCC_WARN_64_TO_32_BIT_CONVERSION = YES;
				GCC_WARN_ABOUT_MISSING_PROTOTYPES = YES;
				GCC_WARN_ABOUT_RETURN_TYPE = YES;
				GCC_WARN_UNDECLARED_SELECTOR = YES;
				GCC_WARN_UNINITIALIZED_AUTOS = YES;
				GCC_WARN_UNUSED_FUNCTION = YES;
				GCC_WARN_UNUSED_VARIABLE = YES;
				IPHONEOS_DEPLOYMENT_TARGET = 4.0;
				OTHER_LDFLAGS = "-ObjC";
				SDKROOT = iphoneos;
				VALIDATE_PRODUCT = YES;
			};
			name = Release;
		};
		13C9D50E146C5A8600327D15 /* Debug */ = {
			isa = XCBuildConfiguration;
			buildSettings = {
				CLANG_ENABLE_OBJC_ARC = NO;
				DSTROOT = /tmp/RHAddressBook.dst;
				FRAMEWORK_SEARCH_PATHS = (
					"$(inherited)",
					"\"$(SYSTEM_APPS_DIR)/Xcode.app/Contents/Developer/Library/Frameworks\"",
				);
				GCC_PRECOMPILE_PREFIX_HEADER = YES;
				GCC_PREFIX_HEADER = "RHAddressBook/RHAddressBook-Prefix.pch";
				GCC_THUMB_SUPPORT = NO;
				INSTALL_PATH = /;
				OTHER_LDFLAGS = "-ObjC";
				PRIVATE_HEADERS_FOLDER_PATH = "$(PUBLIC_HEADERS_FOLDER_PATH)/Private";
				PRODUCT_NAME = "$(TARGET_NAME)";
				PUBLIC_HEADERS_FOLDER_PATH = "include/$(TARGET_NAME)";
				SKIP_INSTALL = YES;
			};
			name = Debug;
		};
		13C9D50F146C5A8600327D15 /* Release */ = {
			isa = XCBuildConfiguration;
			buildSettings = {
				CLANG_ENABLE_OBJC_ARC = NO;
				DSTROOT = /tmp/RHAddressBook.dst;
				FRAMEWORK_SEARCH_PATHS = (
					"$(inherited)",
					"\"$(SYSTEM_APPS_DIR)/Xcode.app/Contents/Developer/Library/Frameworks\"",
				);
				GCC_PRECOMPILE_PREFIX_HEADER = YES;
				GCC_PREFIX_HEADER = "RHAddressBook/RHAddressBook-Prefix.pch";
				GCC_THUMB_SUPPORT = NO;
				INSTALL_PATH = /;
				OTHER_LDFLAGS = "-ObjC";
				PRIVATE_HEADERS_FOLDER_PATH = "$(PUBLIC_HEADERS_FOLDER_PATH)/Private";
				PRODUCT_NAME = "$(TARGET_NAME)";
				PUBLIC_HEADERS_FOLDER_PATH = "include/$(TARGET_NAME)";
				SKIP_INSTALL = YES;
			};
			name = Release;
		};
/* End XCBuildConfiguration section */

/* Begin XCConfigurationList section */
		133DF0A11470EE36005330C7 /* Build configuration list for PBXNativeTarget "RHAddressBookLogicTests" */ = {
			isa = XCConfigurationList;
			buildConfigurations = (
				133DF0A21470EE36005330C7 /* Debug */,
				133DF0A31470EE36005330C7 /* Release */,
			);
			defaultConfigurationIsVisible = 0;
			defaultConfigurationName = Release;
		};
		133DF0C61470F273005330C7 /* Build configuration list for PBXNativeTarget "RHAddressBookTester" */ = {
			isa = XCConfigurationList;
			buildConfigurations = (
				133DF0C71470F273005330C7 /* Debug */,
				133DF0C81470F273005330C7 /* Release */,
			);
			defaultConfigurationIsVisible = 0;
			defaultConfigurationName = Release;
		};
		13C9D4FA146C5A8600327D15 /* Build configuration list for PBXProject "RHAddressBook" */ = {
			isa = XCConfigurationList;
			buildConfigurations = (
				13C9D50B146C5A8600327D15 /* Debug */,
				13C9D50C146C5A8600327D15 /* Release */,
			);
			defaultConfigurationIsVisible = 0;
			defaultConfigurationName = Release;
		};
		13C9D50D146C5A8600327D15 /* Build configuration list for PBXNativeTarget "RHAddressBook" */ = {
			isa = XCConfigurationList;
			buildConfigurations = (
				13C9D50E146C5A8600327D15 /* Debug */,
				13C9D50F146C5A8600327D15 /* Release */,
			);
			defaultConfigurationIsVisible = 0;
			defaultConfigurationName = Release;
		};
/* End XCConfigurationList section */
	};
	rootObject = 13C9D4F7146C5A8600327D15 /* Project object */;
}
